
Microsoft Visual Studio Solution File, Format Version 12.00
# Visual Studio Version 17
VisualStudioVersion = 17.1.32210.238
MinimumVisualStudioVersion = 10.0.40219.1
Project("{FAE04EC0-301F-11D3-BF4B-00C04F79EFBC}") = "Shopping", "Shopping\Shopping.csproj", "{8D6CC37E-A24C-4EE9-ABF6-53351B42E72A}"
EndProject
Global
	GlobalSection(SolutionConfigurationPlatforms) = preSolution
		Debug|Any CPU = Debug|Any CPU
		Release|Any CPU = Release|Any CPU
	EndGlobalSection
	GlobalSection(ProjectConfigurationPlatforms) = postSolution
		{8D6CC37E-A24C-4EE9-ABF6-53351B42E72A}.Debug|Any CPU.ActiveCfg = Debug|Any CPU
		{8D6CC37E-A24C-4EE9-ABF6-53351B42E72A}.Debug|Any CPU.Build.0 = Debug|Any CPU
		{8D6CC37E-A24C-4EE9-ABF6-53351B42E72A}.Release|Any CPU.ActiveCfg = Release|Any CPU
		{8D6CC37E-A24C-4EE9-ABF6-53351B42E72A}.Release|Any CPU.Build.0 = Release|Any CPU
	EndGlobalSection
	GlobalSection(SolutionProperties) = preSolution
		HideSolutionNode = FALSE
	EndGlobalSection
	GlobalSection(ExtensibilityGlobals) = postSolution
		SolutionGuid = {80EDEAA4-D8FA-4A5B-88EE-51D37FE0C6E7}
	EndGlobalSection
EndGlobal
